
Microsoft Visual Studio Solution File, Format Version 12.00
# Visual Studio Version 16
VisualStudioVersion = 16.0.32602.291
MinimumVisualStudioVersion = 10.0.40219.1
Project("{FAE04EC0-301F-11D3-BF4B-00C04F79EFBC}") = "Alunos", "Alunos\Alunos.csproj", "{1B7092C4-99C7-4F15-93E1-2107BFF0E4C9}"
EndProject
Global
	GlobalSection(SolutionConfigurationPlatforms) = preSolution
		Debug|Any CPU = Debug|Any CPU
		Release|Any CPU = Release|Any CPU
	EndGlobalSection
	GlobalSection(ProjectConfigurationPlatforms) = postSolution
		{1B7092C4-99C7-4F15-93E1-2107BFF0E4C9}.Debug|Any CPU.ActiveCfg = Debug|Any CPU
		{1B7092C4-99C7-4F15-93E1-2107BFF0E4C9}.Debug|Any CPU.Build.0 = Debug|Any CPU
		{1B7092C4-99C7-4F15-93E1-2107BFF0E4C9}.Release|Any CPU.ActiveCfg = Release|Any CPU
		{1B7092C4-99C7-4F15-93E1-2107BFF0E4C9}.Release|Any CPU.Build.0 = Release|Any CPU
	EndGlobalSection
	GlobalSection(SolutionProperties) = preSolution
		HideSolutionNode = FALSE
	EndGlobalSection
	GlobalSection(ExtensibilityGlobals) = postSolution
		SolutionGuid = {7C3F472B-424B-4CDF-8C94-BF8503BBA7FC}
	EndGlobalSection
EndGlobal
